# @generated - this file is auto-generated by `mise lock` https://mise.en.dev/dev-tools/mise-lock.html

[[tools."github:gastownhall/beads"]]
version = "1.2.2"
backend = "github:gastownhall/beads"

[tools."github:gastownhall/beads"."platforms.linux-arm64"]
checksum = "sha256:501f38a1070d4b9b3b6261a86a3c92c4a52366869021560430a4bb0036afd83a"
url = "https://github.com/gastownhall/beads/releases/download/v1.2.2/beads_1.2.2_linux_arm64.tar.gz"
url_api = "https://api.github.com/repos/gastownhall/beads/releases/assets/515294077"
provenance = "github-attestations"

[tools."github:gastownhall/beads"."platforms.linux-arm64-musl"]
checksum = "sha256:501f38a1070d4b9b3b6261a86a3c92c4a52366869021560430a4bb0036afd83a"
url = "https://github.com/gastownhall/beads/releases/download/v1.2.2/beads_1.2.2_linux_arm64.tar.gz"
url_api = "https://api.github.com/repos/gastownhall/beads/releases/assets/515294077"
provenance = "github-attestations"

[tools."github:gastownhall/beads"."platforms.linux-x64"]
checksum = "sha256:8140098a51d3b81d5548d1c5e6db1a2d9930e5d141efe2a4bff7d079c4d321e8"
url = "https://github.com/gastownhall/beads/releases/download/v1.2.2/beads_1.2.2_linux_amd64.tar.gz"
url_api = "https://api.github.com/repos/gastownhall/beads/releases/assets/515294021"
provenance = "github-attestations"
provenance_verified = true

[tools."github:gastownhall/beads"."platforms.linux-x64-musl"]
checksum = "sha256:8140098a51d3b81d5548d1c5e6db1a2d9930e5d141efe2a4bff7d079c4d321e8"
url = "https://github.com/gastownhall/beads/releases/download/v1.2.2/beads_1.2.2_linux_amd64.tar.gz"
url_api = "https://api.github.com/repos/gastownhall/beads/releases/assets/515294021"
provenance = "github-attestations"

[tools."github:gastownhall/beads"."platforms.macos-arm64"]
checksum = "sha256:2aa1245c666419900d2d6993a05049e92c40e0e601d19579cca5b07a7bb8021d"
url = "https://github.com/gastownhall/beads/releases/download/v1.2.2/beads_1.2.2_darwin_arm64.tar.gz"
url_api = "https://api.github.com/repos/gastownhall/beads/releases/assets/515302581"
provenance = "github-attestations"

[tools."github:gastownhall/beads"."platforms.macos-x64"]
checksum = "sha256:e192dcb60f0f48d9463cd3bcf425d41fc0a632080cf9a06153c97ce12368c4bb"
url = "https://github.com/gastownhall/beads/releases/download/v1.2.2/beads_1.2.2_darwin_amd64.tar.gz"
url_api = "https://api.github.com/repos/gastownhall/beads/releases/assets/515302725"
provenance = "github-attestations"

[tools."github:gastownhall/beads"."platforms.windows-x64"]
checksum = "sha256:1f00c29cd9599e182a4a4e829f5210daca2da14155920aee2836d8bc613b2feb"
url = "https://github.com/gastownhall/beads/releases/download/v1.2.2/beads_1.2.2_windows_amd64.zip"
url_api = "https://api.github.com/repos/gastownhall/beads/releases/assets/515294217"
provenance = "github-attestations"

[[tools.node]]
version = "22.14.0"
backend = "core:node"

[tools.node."platforms.linux-arm64"]
checksum = "sha256:8cf30ff7250f9463b53c18f89c6c606dfda70378215b2c905d0a9a8b08bd45e0"
url = "https://nodejs.org/dist/v22.14.0/node-v22.14.0-linux-arm64.tar.gz"

[tools.node."platforms.linux-arm64-musl"]
checksum = "sha256:6c4e31ed5702dc45cfd8c435af56a36a474427e1bd7afe74c346136060beba8a"
url = "https://nodejs.org/dist/v22.14.0/node-v22.14.0.tar.gz"
install = "source"

[tools.node."platforms.linux-x64"]
checksum = "sha256:9d942932535988091034dc94cc5f42b6dc8784d6366df3a36c4c9ccb3996f0c2"
url = "https://nodejs.org/dist/v22.14.0/node-v22.14.0-linux-x64.tar.gz"

[tools.node."platforms.linux-x64-musl"]
checksum = "sha256:6b50f327fd5053b5e4ba67de4bf93aa23653d8a9de39bd6f905f839069c7933d"
url = "https://unofficial-builds.nodejs.org/download/release/v22.14.0/node-v22.14.0-linux-x64-musl.tar.gz"

[tools.node."platforms.macos-arm64"]
checksum = "sha256:e9404633bc02a5162c5c573b1e2490f5fb44648345d64a958b17e325729a5e42"
url = "https://nodejs.org/dist/v22.14.0/node-v22.14.0-darwin-arm64.tar.gz"

[tools.node."platforms.macos-x64"]
checksum = "sha256:6698587713ab565a94a360e091df9f6d91c8fadda6d00f0cf6526e9b40bed250"
url = "https://nodejs.org/dist/v22.14.0/node-v22.14.0-darwin-x64.tar.gz"

[tools.node."platforms.windows-x64"]
checksum = "sha256:55b639295920b219bb2acbcfa00f90393a2789095b7323f79475c9f34795f217"
url = "https://nodejs.org/dist/v22.14.0/node-v22.14.0-win-x64.zip"

[[tools."npm:@fission-ai/openspec"]]
version = "1.3.1"
backend = "npm:@fission-ai/openspec"

[[tools."npm:markdownlint-cli2"]]
version = "0.17.1"
backend = "npm:markdownlint-cli2"

[[tools.rust]]
version = "1.94.1"
backend = "core:rust"

[tools.rust.options]
components = "clippy,llvm-tools-preview,rustfmt"
